// !$*UTF8*$!
{
	archiveVersion = 1;
	classes = {
	};
	objectVersion = 46;
	objects = {

/* Begin PBXBuildFile section */
		8435F24E19FE7BC100C2F874 /* AppDelegate.swift in Sources */ = {isa = PBXBuildFile; fileRef = 8435F24D19FE7BC100C2F874 /* AppDelegate.swift */; };
		8435F25019FE7BC200C2F874 /* ViewController.swift in Sources */ = {isa = PBXBuildFile; fileRef = 8435F24F19FE7BC200C2F874 /* ViewController.swift */; };
		8435F25319FE7BC200C2F874 /* Main.storyboard in Resources */ = {isa = PBXBuildFile; fileRef = 8435F25119FE7BC200C2F874 /* Main.storyboard */; };
		8435F25519FE7BC200C2F874 /* Images.xcassets in Resources */ = {isa = PBXBuildFile; fileRef = 8435F25419FE7BC200C2F874 /* Images.xcassets */; };
		8435F25819FE7BC200C2F874 /* LaunchScreen.xib in Resources */ = {isa = PBXBuildFile; fileRef = 8435F25619FE7BC200C2F874 /* LaunchScreen.xib */; };
		8435F26419FE7BC200C2F874 /* LionsAndTigersTests.swift in Sources */ = {isa = PBXBuildFile; fileRef = 8435F26319FE7BC200C2F874 /* LionsAndTigersTests.swift */; };
		8435F26E19FE7F4200C2F874 /* Tiger.swift in Sources */ = {isa = PBXBuildFile; fileRef = 8435F26D19FE7F4200C2F874 /* Tiger.swift */; };
		8435F27819FE854100C2F874 /* BengalTiger.jpg in Resources */ = {isa = PBXBuildFile; fileRef = 8435F27019FE854100C2F874 /* BengalTiger.jpg */; };
		8435F27919FE854100C2F874 /* IndochineseTiger.jpg in Resources */ = {isa = PBXBuildFile; fileRef = 8435F27119FE854100C2F874 /* IndochineseTiger.jpg */; };
		8435F27A19FE854100C2F874 /* Lion.jpg in Resources */ = {isa = PBXBuildFile; fileRef = 8435F27219FE854100C2F874 /* Lion.jpg */; };
		8435F27B19FE854100C2F874 /* LionCub1.jpg in Resources */ = {isa = PBXBuildFile; fileRef = 8435F27319FE854100C2F874 /* LionCub1.jpg */; };
		8435F27C19FE854100C2F874 /* LionCub2.jpeg in Resources */ = {isa = PBXBuildFile; fileRef = 8435F27419FE854100C2F874 /* LionCub2.jpeg */; };
		8435F27D19FE854100C2F874 /* Lioness.jpeg in Resources */ = {isa = PBXBuildFile; fileRef = 8435F27519FE854100C2F874 /* Lioness.jpeg */; };
		8435F27E19FE854100C2F874 /* MalayanTiger.jpg in Resources */ = {isa = PBXBuildFile; fileRef = 8435F27619FE854100C2F874 /* MalayanTiger.jpg */; };
		8435F27F19FE854100C2F874 /* SiberianTiger.jpg in Resources */ = {isa = PBXBuildFile; fileRef = 8435F27719FE854100C2F874 /* SiberianTiger.jpg */; };
/* End PBXBuildFile section */

/* Begin PBXContainerItemProxy section */
		8435F25E19FE7BC200C2F874 /* PBXContainerItemProxy */ = {
			isa = PBXContainerItemProxy;
			containerPortal = 8435F24019FE7BC100C2F874 /* Project object */;
			proxyType = 1;
			remoteGlobalIDString = 8435F24719FE7BC100C2F874;
			remoteInfo = LionsAndTigers;
		};
/* End PBXContainerItemProxy section */

/* Begin PBXFileReference section */
		8435F24819FE7BC100C2F874 /* LionsAndTigers.app */ = {isa = PBXFileReference; explicitFileType = wrapper.application; includeInIndex = 0; path = LionsAndTigers.app; sourceTree = BUILT_PRODUCTS_DIR; };
		8435F24C19FE7BC100C2F874 /* Info.plist */ = {isa = PBXFileReference; lastKnownFileType = text.plist.xml; path = Info.plist; sourceTree = "<group>"; };
		8435F24D19FE7BC100C2F874 /* AppDelegate.swift */ = {isa = PBXFileReference; lastKnownFileType = sourcecode.swift; path = AppDelegate.swift; sourceTree = "<group>"; };
		8435F24F19FE7BC200C2F874 /* ViewController.swift */ = {isa = PBXFileReference; lastKnownFileType = sourcecode.swift; path = ViewController.swift; sourceTree = "<group>"; };
		8435F25219FE7BC200C2F874 /* Base */ = {isa = PBXFileReference; lastKnownFileType = file.storyboard; name = Base; path = Base.lproj/Main.storyboard; sourceTree = "<group>"; };
		8435F25419FE7BC200C2F874 /* Images.xcassets */ = {isa = PBXFileReference; lastKnownFileType = folder.assetcatalog; path = Images.xcassets; sourceTree = "<group>"; };
		8435F25719FE7BC200C2F874 /* Base */ = {isa = PBXFileReference; lastKnownFileType = file.xib; name = Base; path = Base.lproj/LaunchScreen.xib; sourceTree = "<group>"; };
		8435F25D19FE7BC200C2F874 /* LionsAndTigersTests.xctest */ = {isa = PBXFileReference; explicitFileType = wrapper.cfbundle; includeInIndex = 0; path = LionsAndTigersTests.xctest; sourceTree = BUILT_PRODUCTS_DIR; };
		8435F26219FE7BC200C2F874 /* Info.plist */ = {isa = PBXFileReference; lastKnownFileType = text.plist.xml; path = Info.plist; sourceTree = "<group>"; };
		8435F26319FE7BC200C2F874 /* LionsAndTigersTests.swift */ = {isa = PBXFileReference; lastKnownFileType = sourcecode.swift; path = LionsAndTigersTests.swift; sourceTree = "<group>"; };
		8435F26D19FE7F4200C2F874 /* Tiger.swift */ = {isa = PBXFileReference; fileEncoding = 4; lastKnownFileType = sourcecode.swift; path = Tiger.swift; sourceTree = "<group>"; };
		8435F27019FE854100C2F874 /* BengalTiger.jpg */ = {isa = PBXFileReference; lastKnownFileType = image.jpeg; path = BengalTiger.jpg; sourceTree = "<group>"; };
		8435F27119FE854100C2F874 /* IndochineseTiger.jpg */ = {isa = PBXFileReference; lastKnownFileType = image.jpeg; path = IndochineseTiger.jpg; sourceTree = "<group>"; };
		8435F27219FE854100C2F874 /* Lion.jpg */ = {isa = PBXFileReference; lastKnownFileType = image.jpeg; path = Lion.jpg; sourceTree = "<group>"; };
		8435F27319FE854100C2F874 /* LionCub1.jpg */ = {isa = PBXFileReference; lastKnownFileType = image.jpeg; path = LionCub1.jpg; sourceTree = "<group>"; };
		8435F27419FE854100C2F874 /* LionCub2.jpeg */ = {isa = PBXFileReference; lastKnownFileType = image.jpeg; path = LionCub2.jpeg; sourceTree = "<group>"; };
		8435F27519FE854100C2F874 /* Lioness.jpeg */ = {isa = PBXFileReference; lastKnownFileType = image.jpeg; path = Lioness.jpeg; sourceTree = "<group>"; };
		8435F27619FE854100C2F874 /* MalayanTiger.jpg */ = {isa = PBXFileReference; lastKnownFileType = image.jpeg; path = MalayanTiger.jpg; sourceTree = "<group>"; };
		8435F27719FE854100C2F874 /* SiberianTiger.jpg */ = {isa = PBXFileReference; lastKnownFileType = image.jpeg; path = SiberianTiger.jpg; sourceTree = "<group>"; };
/* End PBXFileReference section */

/* Begin PBXFrameworksBuildPhase section */
		8435F24519FE7BC100C2F874 /* Frameworks */ = {
			isa = PBXFrameworksBuildPhase;
			buildActionMask = 2147483647;
			files = (
			);
			runOnlyForDeploymentPostprocessing = 0;
		};
		8435F25A19FE7BC200C2F874 /* Frameworks */ = {
			isa = PBXFrameworksBuildPhase;
			buildActionMask = 2147483647;
			files = (
			);
			runOnlyForDeploymentPostprocessing = 0;
		};
/* End PBXFrameworksBuildPhase section */

/* Begin PBXGroup section */
		8435F23F19FE7BC100C2F874 = {
			isa = PBXGroup;
			children = (
				8435F24A19FE7BC100C2F874 /* LionsAndTigers */,
				8435F26019FE7BC200C2F874 /* LionsAndTigersTests */,
				8435F24919FE7BC100C2F874 /* Products */,
			);
			sourceTree = "<group>";
		};
		8435F24919FE7BC100C2F874 /* Products */ = {
			isa = PBXGroup;
			children = (
				8435F24819FE7BC100C2F874 /* LionsAndTigers.app */,
				8435F25D19FE7BC200C2F874 /* LionsAndTigersTests.xctest */,
			);
			name = Products;
			sourceTree = "<group>";
		};
		8435F24A19FE7BC100C2F874 /* LionsAndTigers */ = {
			isa = PBXGroup;
			children = (
				8435F24D19FE7BC100C2F874 /* AppDelegate.swift */,
				8435F24F19FE7BC200C2F874 /* ViewController.swift */,
				8435F26D19FE7F4200C2F874 /* Tiger.swift */,
				8435F25119FE7BC200C2F874 /* Main.storyboard */,
				8435F25419FE7BC200C2F874 /* Images.xcassets */,
				8435F25619FE7BC200C2F874 /* LaunchScreen.xib */,
				8435F24B19FE7BC100C2F874 /* Supporting Files */,
			);
			path = LionsAndTigers;
			sourceTree = "<group>";
		};
		8435F24B19FE7BC100C2F874 /* Supporting Files */ = {
			isa = PBXGroup;
			children = (
				8435F26F19FE854100C2F874 /* LionsAndTigersAssets */,
				8435F24C19FE7BC100C2F874 /* Info.plist */,
			);
			name = "Supporting Files";
			sourceTree = "<group>";
		};
		8435F26019FE7BC200C2F874 /* LionsAndTigersTests */ = {
			isa = PBXGroup;
			children = (
				8435F26319FE7BC200C2F874 /* LionsAndTigersTests.swift */,
				8435F26119FE7BC200C2F874 /* Supporting Files */,
			);
			path = LionsAndTigersTests;
			sourceTree = "<group>";
		};
		8435F26119FE7BC200C2F874 /* Supporting Files */ = {
			isa = PBXGroup;
			children = (
				8435F26219FE7BC200C2F874 /* Info.plist */,
			);
			name = "Supporting Files";
			sourceTree = "<group>";
		};
		8435F26F19FE854100C2F874 /* LionsAndTigersAssets */ = {
			isa = PBXGroup;
			children = (
				8435F27019FE854100C2F874 /* BengalTiger.jpg */,
				8435F27119FE854100C2F874 /* IndochineseTiger.jpg */,
				8435F27219FE854100C2F874 /* Lion.jpg */,
				8435F27319FE854100C2F874 /* LionCub1.jpg */,
				8435F27419FE854100C2F874 /* LionCub2.jpeg */,
				8435F27519FE854100C2F874 /* Lioness.jpeg */,
				8435F27619FE854100C2F874 /* MalayanTiger.jpg */,
				8435F27719FE854100C2F874 /* SiberianTiger.jpg */,
			);
			path = LionsAndTigersAssets;
			sourceTree = "<group>";
		};
/* End PBXGroup section */

/* Begin PBXNativeTarget section */
		8435F24719FE7BC100C2F874 /* LionsAndTigers */ = {
			isa = PBXNativeTarget;
			buildConfigurationList = 8435F26719FE7BC200C2F874 /* Build configuration list for PBXNativeTarget "LionsAndTigers" */;
			buildPhases = (
				8435F24419FE7BC100C2F874 /* Sources */,
				8435F24519FE7BC100C2F874 /* Frameworks */,
				8435F24619FE7BC100C2F874 /* Resources */,
			);
			buildRules = (
			);
			dependencies = (
			);
			name = LionsAndTigers;
			productName = LionsAndTigers;
			productReference = 8435F24819FE7BC100C2F874 /* LionsAndTigers.app */;
			productType = "com.apple.product-type.application";
		};
		8435F25C19FE7BC200C2F874 /* LionsAndTigersTests */ = {
			isa = PBXNativeTarget;
			buildConfigurationList = 8435F26A19FE7BC200C2F874 /* Build configuration list for PBXNativeTarget "LionsAndTigersTests" */;
			buildPhases = (
				8435F25919FE7BC200C2F874 /* Sources */,
				8435F25A19FE7BC200C2F874 /* Frameworks */,
				8435F25B19FE7BC200C2F874 /* Resources */,
			);
			buildRules = (
			);
			dependencies = (
				8435F25F19FE7BC200C2F874 /* PBXTargetDependency */,
			);
			name = LionsAndTigersTests;
			productName = LionsAndTigersTests;
			productReference = 8435F25D19FE7BC200C2F874 /* LionsAndTigersTests.xctest */;
			productType = "com.apple.product-type.bundle.unit-test";
		};
/* End PBXNativeTarget section */

/* Begin PBXProject section */
		8435F24019FE7BC100C2F874 /* Project object */ = {
			isa = PBXProject;
			attributes = {
				LastUpgradeCheck = 0600;
				ORGANIZATIONNAME = parikshit;
				TargetAttributes = {
					8435F24719FE7BC100C2F874 = {
						CreatedOnToolsVersion = 6.0.1;
					};
					8435F25C19FE7BC200C2F874 = {
						CreatedOnToolsVersion = 6.0.1;
						TestTargetID = 8435F24719FE7BC100C2F874;
					};
				};
			};
			buildConfigurationList = 8435F24319FE7BC100C2F874 /* Build configuration list for PBXProject "LionsAndTigers" */;
			compatibilityVersion = "Xcode 3.2";
			developmentRegion = English;
			hasScannedForEncodings = 0;
			knownRegions = (
				en,
				Base,
			);
			mainGroup = 8435F23F19FE7BC100C2F874;
			productRefGroup = 8435F24919FE7BC100C2F874 /* Products */;
			projectDirPath = "";
			projectRoot = "";
			targets = (
				8435F24719FE7BC100C2F874 /* LionsAndTigers */,
				8435F25C19FE7BC200C2F874 /* LionsAndTigersTests */,
			);
		};
/* End PBXProject section */

/* Begin PBXResourcesBuildPhase section */
		8435F24619FE7BC100C2F874 /* Resources */ = {
			isa = PBXResourcesBuildPhase;
			buildActionMask = 2147483647;
			files = (
				8435F27919FE854100C2F874 /* IndochineseTiger.jpg in Resources */,
				8435F25319FE7BC200C2F874 /* Main.storyboard in Resources */,
				8435F25819FE7BC200C2F874 /* LaunchScreen.xib in Resources */,
				8435F27D19FE854100C2F874 /* Lioness.jpeg in Resources */,
				8435F27B19FE854100C2F874 /* LionCub1.jpg in Resources */,
				8435F27E19FE854100C2F874 /* MalayanTiger.jpg in Resources */,
				8435F27F19FE854100C2F874 /* SiberianTiger.jpg in Resources */,
				8435F27819FE854100C2F874 /* BengalTiger.jpg in Resources */,
				8435F25519FE7BC200C2F874 /* Images.xcassets in Resources */,
				8435F27A19FE854100C2F874 /* Lion.jpg in Resources */,
				8435F27C19FE854100C2F874 /* LionCub2.jpeg in Resources */,
			);
			runOnlyForDeploymentPostprocessing = 0;
		};
		8435F25B19FE7BC200C2F874 /* Resources */ = {
			isa = PBXResourcesBuildPhase;
			buildActionMask = 2147483647;
			files = (
			);
			runOnlyForDeploymentPostprocessing = 0;
		};
/* End PBXResourcesBuildPhase section */

/* Begin PBXSourcesBuildPhase section */
		8435F24419FE7BC100C2F874 /* Sources */ = {
			isa = PBXSourcesBuildPhase;
			buildActionMask = 2147483647;
			files = (
				8435F25019FE7BC200C2F874 /* ViewController.swift in Sources */,
				8435F26E19FE7F4200C2F874 /* Tiger.swift in Sources */,
				8435F24E19FE7BC100C2F874 /* AppDelegate.swift in Sources */,
			);
			runOnlyForDeploymentPostprocessing = 0;
		};
		8435F25919FE7BC200C2F874 /* Sources */ = {
			isa = PBXSourcesBuildPhase;
			buildActionMask = 2147483647;
			files = (
				8435F26419FE7BC200C2F874 /* LionsAndTigersTests.swift in Sources */,
			);
			runOnlyForDeploymentPostprocessing = 0;
		};
/* End PBXSourcesBuildPhase section */

/* Begin PBXTargetDependency section */
		8435F25F19FE7BC200C2F874 /* PBXTargetDependency */ = {
			isa = PBXTargetDependency;
			target = 8435F24719FE7BC100C2F874 /* LionsAndTigers */;
			targetProxy = 8435F25E19FE7BC200C2F874 /* PBXContainerItemProxy */;
		};
/* End PBXTargetDependency section */

/* Begin PBXVariantGroup section */
		8435F25119FE7BC200C2F874 /* Main.storyboard */ = {
			isa = PBXVariantGroup;
			children = (
				8435F25219FE7BC200C2F874 /* Base */,
			);
			name = Main.storyboard;
			sourceTree = "<group>";
		};
		8435F25619FE7BC200C2F874 /* LaunchScreen.xib */ = {
			isa = PBXVariantGroup;
			children = (
				8435F25719FE7BC200C2F874 /* Base */,
			);
			name = LaunchScreen.xib;
			sourceTree = "<group>";
		};
/* End PBXVariantGroup section */

/* Begin XCBuildConfiguration section */
		8435F26519FE7BC200C2F874 /* Debug */ = {
			isa = XCBuildConfiguration;
			buildSettings = {
				ALWAYS_SEARCH_USER_PATHS = NO;
				CLANG_CXX_LANGUAGE_STANDARD = "gnu++0x";
				CLANG_CXX_LIBRARY = "libc++";
				CLANG_ENABLE_MODULES = YES;
				CLANG_ENABLE_OBJC_ARC = YES;
				CLANG_WARN_BOOL_CONVERSION = YES;
				CLANG_WARN_CONSTANT_CONVERSION = YES;
				CLANG_WARN_DIRECT_OBJC_ISA_USAGE = YES_ERROR;
				CLANG_WARN_EMPTY_BODY = YES;
				CLANG_WARN_ENUM_CONVERSION = YES;
				CLANG_WARN_INT_CONVERSION = YES;
				CLANG_WARN_OBJC_ROOT_CLASS = YES_ERROR;
				CLANG_WARN_UNREACHABLE_CODE = YES;
				CLANG_WARN__DUPLICATE_METHOD_MATCH = YES;
				"CODE_SIGN_IDENTITY[sdk=iphoneos*]" = "iPhone Developer";
				COPY_PHASE_STRIP = NO;
				ENABLE_STRICT_OBJC_MSGSEND = YES;
				GCC_C_LANGUAGE_STANDARD = gnu99;
				GCC_DYNAMIC_NO_PIC = NO;
				GCC_OPTIMIZATION_LEVEL = 0;
				GCC_PREPROCESSOR_DEFINITIONS = (
					"DEBUG=1",
					"$(inherited)",
				);
				GCC_SYMBOLS_PRIVATE_EXTERN = NO;
				GCC_WARN_64_TO_32_BIT_CONVERSION = YES;
				GCC_WARN_ABOUT_RETURN_TYPE = YES_ERROR;
				GCC_WARN_UNDECLARED_SELECTOR = YES;
				GCC_WARN_UNINITIALIZED_AUTOS = YES_AGGRESSIVE;
				GCC_WARN_UNUSED_FUNCTION = YES;
				GCC_WARN_UNUSED_VARIABLE = YES;
				IPHONEOS_DEPLOYMENT_TARGET = 8.0;
				MTL_ENABLE_DEBUG_INFO = YES;
				ONLY_ACTIVE_ARCH = YES;
				SDKROOT = iphoneos;
				SWIFT_OPTIMIZATION_LEVEL = "-Onone";
				TARGETED_DEVICE_FAMILY = "1,2";
			};
			name = Debug;
		};
		8435F26619FE7BC200C2F874 /* Release */ = {
			isa = XCBuildConfiguration;
			buildSettings = {
				ALWAYS_SEARCH_USER_PATHS = NO;
				CLANG_CXX_LANGUAGE_STANDARD = "gnu++0x";
				CLANG_CXX_LIBRARY = "libc++";
				CLANG_ENABLE_MODULES = YES;
				CLANG_ENABLE_OBJC_ARC = YES;
				CLANG_WARN_BOOL_CONVERSION = YES;
				CLANG_WARN_CONSTANT_CONVERSION = YES;
				CLANG_WARN_DIRECT_OBJC_ISA_USAGE = YES_ERROR;
				CLANG_WARN_EMPTY_BODY = YES;
				CLANG_WARN_ENUM_CONVERSION = YES;
				CLANG_WARN_INT_CONVERSION = YES;
				CLANG_WARN_OBJC_ROOT_CLASS = YES_ERROR;
				CLANG_WARN_UNREACHABLE_CODE = YES;
				CLANG_WARN__DUPLICATE_METHOD_MATCH = YES;
				"CODE_SIGN_IDENTITY[sdk=iphoneos*]" = "iPhone Developer";
				COPY_PHASE_STRIP = YES;
				ENABLE_NS_ASSERTIONS = NO;
				ENABLE_STRICT_OBJC_MSGSEND = YES;
				GCC_C_LANGUAGE_STANDARD = gnu99;
				GCC_WARN_64_TO_32_BIT_CONVERSION = YES;
				GCC_WARN_ABOUT_RETURN_TYPE = YES_ERROR;
				GCC_WARN_UNDECLARED_SELECTOR = YES;
				GCC_WARN_UNINITIALIZED_AUTOS = YES_AGGRESSIVE;
				GCC_WARN_UNUSED_FUNCTION = YES;
				GCC_WARN_UNUSED_VARIABLE = YES;
				IPHONEOS_DEPLOYMENT_TARGET = 8.0;
				MTL_ENABLE_DEBUG_INFO = NO;
				SDKROOT = iphoneos;
				TARGETED_DEVICE_FAMILY = "1,2";
				VALIDATE_PRODUCT = YES;
			};
			name = Release;
		};
		8435F26819FE7BC200C2F874 /* Debug */ = {
			isa = XCBuildConfiguration;
			buildSettings = {
				ASSETCATALOG_COMPILER_APPICON_NAME = AppIcon;
				INFOPLIST_FILE = LionsAndTigers/Info.plist;
				LD_RUNPATH_SEARCH_PATHS = "$(inherited) @executable_path/Frameworks";
				PRODUCT_NAME = "$(TARGET_NAME)";
			};
			name = Debug;
		};
		8435F26919FE7BC200C2F874 /* Release */ = {
			isa = XCBuildConfiguration;
			buildSettings = {
				ASSETCATALOG_COMPILER_APPICON_NAME = AppIcon;
				INFOPLIST_FILE = LionsAndTigers/Info.plist;
				LD_RUNPATH_SEARCH_PATHS = "$(inherited) @executable_path/Frameworks";
				PRODUCT_NAME = "$(TARGET_NAME)";
			};
			name = Release;
		};
		8435F26B19FE7BC200C2F874 /* Debug */ = {
			isa = XCBuildConfiguration;
			buildSettings = {
				BUNDLE_LOADER = "$(TEST_HOST)";
				FRAMEWORK_SEARCH_PATHS = (
					"$(SDKROOT)/Developer/Library/Frameworks",
					"$(inherited)",
				);
				GCC_PREPROCESSOR_DEFINITIONS = (
					"DEBUG=1",
					"$(inherited)",
				);
				INFOPLIST_FILE = LionsAndTigersTests/Info.plist;
				LD_RUNPATH_SEARCH_PATHS = "$(inherited) @executable_path/Frameworks @loader_path/Frameworks";
				PRODUCT_NAME = "$(TARGET_NAME)";
				TEST_HOST = "$(BUILT_PRODUCTS_DIR)/LionsAndTigers.app/LionsAndTigers";
			};
			name = Debug;
		};
		8435F26C19FE7BC200C2F874 /* Release */ = {
			isa = XCBuildConfiguration;
			buildSettings = {
				BUNDLE_LOADER = "$(TEST_HOST)";
				FRAMEWORK_SEARCH_PATHS = (
					"$(SDKROOT)/Developer/Library/Frameworks",
					"$(inherited)",
				);
				INFOPLIST_FILE = LionsAndTigersTests/Info.plist;
				LD_RUNPATH_SEARCH_PATHS = "$(inherited) @executable_path/Frameworks @loader_path/Frameworks";
				PRODUCT_NAME = "$(TARGET_NAME)";
				TEST_HOST = "$(BUILT_PRODUCTS_DIR)/LionsAndTigers.app/LionsAndTigers";
			};
			name = Release;
		};
/* End XCBuildConfiguration section */

/* Begin XCConfigurationList section */
		8435F24319FE7BC100C2F874 /* Build configuration list for PBXProject "LionsAndTigers" */ = {
			isa = XCConfigurationList;
			buildConfigurations = (
				8435F26519FE7BC200C2F874 /* Debug */,
				8435F26619FE7BC200C2F874 /* Release */,
			);
			defaultConfigurationIsVisible = 0;
			defaultConfigurationName = Release;
		};
		8435F26719FE7BC200C2F874 /* Build configuration list for PBXNativeTarget "LionsAndTigers" */ = {
			isa = XCConfigurationList;
			buildConfigurations = (
				8435F26819FE7BC200C2F874 /* Debug */,
				8435F26919FE7BC200C2F874 /* Release */,
			);
			defaultConfigurationIsVisible = 0;
		};
		8435F26A19FE7BC200C2F874 /* Build configuration list for PBXNativeTarget "LionsAndTigersTests" */ = {
			isa = XCConfigurationList;
			buildConfigurations = (
				8435F26B19FE7BC200C2F874 /* Debug */,
				8435F26C19FE7BC200C2F874 /* Release */,
			);
			defaultConfigurationIsVisible = 0;
		};
/* End XCConfigurationList section */
	};
	rootObject = 8435F24019FE7BC100C2F874 /* Project object */;
}
