// !$*UTF8*$!
{
	archiveVersion = 1;
	classes = {
	};
	objectVersion = 46;
	objects = {

/* Begin PBXBuildFile section */
		84290C2F1A0A11180012664A /* AppDelegate.swift in Sources */ = {isa = PBXBuildFile; fileRef = 84290C2E1A0A11180012664A /* AppDelegate.swift */; };
		84290C311A0A11180012664A /* ViewController.swift in Sources */ = {isa = PBXBuildFile; fileRef = 84290C301A0A11180012664A /* ViewController.swift */; };
		84290C341A0A11180012664A /* Main.storyboard in Resources */ = {isa = PBXBuildFile; fileRef = 84290C321A0A11180012664A /* Main.storyboard */; };
		84290C361A0A11180012664A /* Images.xcassets in Resources */ = {isa = PBXBuildFile; fileRef = 84290C351A0A11180012664A /* Images.xcassets */; };
		84290C391A0A11180012664A /* LaunchScreen.xib in Resources */ = {isa = PBXBuildFile; fileRef = 84290C371A0A11180012664A /* LaunchScreen.xib */; };
		84290C451A0A11180012664A /* _9RedBalloonsTests.swift in Sources */ = {isa = PBXBuildFile; fileRef = 84290C441A0A11180012664A /* _9RedBalloonsTests.swift */; };
		84290C541A0A12230012664A /* BerlinTVTower.jpg in Resources */ = {isa = PBXBuildFile; fileRef = 84290C4F1A0A12230012664A /* BerlinTVTower.jpg */; };
		84290C551A0A12230012664A /* RedBalloon1.jpg in Resources */ = {isa = PBXBuildFile; fileRef = 84290C501A0A12230012664A /* RedBalloon1.jpg */; };
		84290C561A0A12230012664A /* RedBalloon2.jpg in Resources */ = {isa = PBXBuildFile; fileRef = 84290C511A0A12230012664A /* RedBalloon2.jpg */; };
		84290C571A0A12230012664A /* RedBalloon3.jpg in Resources */ = {isa = PBXBuildFile; fileRef = 84290C521A0A12230012664A /* RedBalloon3.jpg */; };
		84290C581A0A12230012664A /* RedBalloon4.jpg in Resources */ = {isa = PBXBuildFile; fileRef = 84290C531A0A12230012664A /* RedBalloon4.jpg */; };
		84290C5C1A0A24990012664A /* Balloon.swift in Sources */ = {isa = PBXBuildFile; fileRef = 84290C5B1A0A24990012664A /* Balloon.swift */; };
/* End PBXBuildFile section */

/* Begin PBXContainerItemProxy section */
		84290C3F1A0A11180012664A /* PBXContainerItemProxy */ = {
			isa = PBXContainerItemProxy;
			containerPortal = 84290C211A0A11180012664A /* Project object */;
			proxyType = 1;
			remoteGlobalIDString = 84290C281A0A11180012664A;
			remoteInfo = 99RedBalloons;
		};
/* End PBXContainerItemProxy section */

/* Begin PBXFileReference section */
		84290C291A0A11180012664A /* 99RedBalloons.app */ = {isa = PBXFileReference; explicitFileType = wrapper.application; includeInIndex = 0; path = 99RedBalloons.app; sourceTree = BUILT_PRODUCTS_DIR; };
		84290C2D1A0A11180012664A /* Info.plist */ = {isa = PBXFileReference; lastKnownFileType = text.plist.xml; path = Info.plist; sourceTree = "<group>"; };
		84290C2E1A0A11180012664A /* AppDelegate.swift */ = {isa = PBXFileReference; lastKnownFileType = sourcecode.swift; path = AppDelegate.swift; sourceTree = "<group>"; };
		84290C301A0A11180012664A /* ViewController.swift */ = {isa = PBXFileReference; lastKnownFileType = sourcecode.swift; path = ViewController.swift; sourceTree = "<group>"; };
		84290C331A0A11180012664A /* Base */ = {isa = PBXFileReference; lastKnownFileType = file.storyboard; name = Base; path = Base.lproj/Main.storyboard; sourceTree = "<group>"; };
		84290C351A0A11180012664A /* Images.xcassets */ = {isa = PBXFileReference; lastKnownFileType = folder.assetcatalog; path = Images.xcassets; sourceTree = "<group>"; };
		84290C381A0A11180012664A /* Base */ = {isa = PBXFileReference; lastKnownFileType = file.xib; name = Base; path = Base.lproj/LaunchScreen.xib; sourceTree = "<group>"; };
		84290C3E1A0A11180012664A /* 99RedBalloonsTests.xctest */ = {isa = PBXFileReference; explicitFileType = wrapper.cfbundle; includeInIndex = 0; path = 99RedBalloonsTests.xctest; sourceTree = BUILT_PRODUCTS_DIR; };
		84290C431A0A11180012664A /* Info.plist */ = {isa = PBXFileReference; lastKnownFileType = text.plist.xml; path = Info.plist; sourceTree = "<group>"; };
		84290C441A0A11180012664A /* _9RedBalloonsTests.swift */ = {isa = PBXFileReference; lastKnownFileType = sourcecode.swift; path = _9RedBalloonsTests.swift; sourceTree = "<group>"; };
		84290C4F1A0A12230012664A /* BerlinTVTower.jpg */ = {isa = PBXFileReference; lastKnownFileType = image.jpeg; path = BerlinTVTower.jpg; sourceTree = "<group>"; };
		84290C501A0A12230012664A /* RedBalloon1.jpg */ = {isa = PBXFileReference; lastKnownFileType = image.jpeg; path = RedBalloon1.jpg; sourceTree = "<group>"; };
		84290C511A0A12230012664A /* RedBalloon2.jpg */ = {isa = PBXFileReference; lastKnownFileType = image.jpeg; path = RedBalloon2.jpg; sourceTree = "<group>"; };
		84290C521A0A12230012664A /* RedBalloon3.jpg */ = {isa = PBXFileReference; lastKnownFileType = image.jpeg; path = RedBalloon3.jpg; sourceTree = "<group>"; };
		84290C531A0A12230012664A /* RedBalloon4.jpg */ = {isa = PBXFileReference; lastKnownFileType = image.jpeg; path = RedBalloon4.jpg; sourceTree = "<group>"; };
		84290C5B1A0A24990012664A /* Balloon.swift */ = {isa = PBXFileReference; fileEncoding = 4; lastKnownFileType = sourcecode.swift; path = Balloon.swift; sourceTree = "<group>"; };
/* End PBXFileReference section */

/* Begin PBXFrameworksBuildPhase section */
		84290C261A0A11180012664A /* Frameworks */ = {
			isa = PBXFrameworksBuildPhase;
			buildActionMask = 2147483647;
			files = (
			);
			runOnlyForDeploymentPostprocessing = 0;
		};
		84290C3B1A0A11180012664A /* Frameworks */ = {
			isa = PBXFrameworksBuildPhase;
			buildActionMask = 2147483647;
			files = (
			);
			runOnlyForDeploymentPostprocessing = 0;
		};
/* End PBXFrameworksBuildPhase section */

/* Begin PBXGroup section */
		84290C201A0A11180012664A = {
			isa = PBXGroup;
			children = (
				84290C2B1A0A11180012664A /* 99RedBalloons */,
				84290C411A0A11180012664A /* 99RedBalloonsTests */,
				84290C2A1A0A11180012664A /* Products */,
			);
			sourceTree = "<group>";
		};
		84290C2A1A0A11180012664A /* Products */ = {
			isa = PBXGroup;
			children = (
				84290C291A0A11180012664A /* 99RedBalloons.app */,
				84290C3E1A0A11180012664A /* 99RedBalloonsTests.xctest */,
			);
			name = Products;
			sourceTree = "<group>";
		};
		84290C2B1A0A11180012664A /* 99RedBalloons */ = {
			isa = PBXGroup;
			children = (
				84290C2E1A0A11180012664A /* AppDelegate.swift */,
				84290C301A0A11180012664A /* ViewController.swift */,
				84290C5B1A0A24990012664A /* Balloon.swift */,
				84290C321A0A11180012664A /* Main.storyboard */,
				84290C351A0A11180012664A /* Images.xcassets */,
				84290C371A0A11180012664A /* LaunchScreen.xib */,
				84290C2C1A0A11180012664A /* Supporting Files */,
			);
			path = 99RedBalloons;
			sourceTree = "<group>";
		};
		84290C2C1A0A11180012664A /* Supporting Files */ = {
			isa = PBXGroup;
			children = (
				84290C4E1A0A12230012664A /* 99RedBalloonsAssets */,
				84290C2D1A0A11180012664A /* Info.plist */,
			);
			name = "Supporting Files";
			sourceTree = "<group>";
		};
		84290C411A0A11180012664A /* 99RedBalloonsTests */ = {
			isa = PBXGroup;
			children = (
				84290C441A0A11180012664A /* _9RedBalloonsTests.swift */,
				84290C421A0A11180012664A /* Supporting Files */,
			);
			path = 99RedBalloonsTests;
			sourceTree = "<group>";
		};
		84290C421A0A11180012664A /* Supporting Files */ = {
			isa = PBXGroup;
			children = (
				84290C431A0A11180012664A /* Info.plist */,
			);
			name = "Supporting Files";
			sourceTree = "<group>";
		};
		84290C4E1A0A12230012664A /* 99RedBalloonsAssets */ = {
			isa = PBXGroup;
			children = (
				84290C4F1A0A12230012664A /* BerlinTVTower.jpg */,
				84290C501A0A12230012664A /* RedBalloon1.jpg */,
				84290C511A0A12230012664A /* RedBalloon2.jpg */,
				84290C521A0A12230012664A /* RedBalloon3.jpg */,
				84290C531A0A12230012664A /* RedBalloon4.jpg */,
			);
			path = 99RedBalloonsAssets;
			sourceTree = "<group>";
		};
/* End PBXGroup section */

/* Begin PBXNativeTarget section */
		84290C281A0A11180012664A /* 99RedBalloons */ = {
			isa = PBXNativeTarget;
			buildConfigurationList = 84290C481A0A11180012664A /* Build configuration list for PBXNativeTarget "99RedBalloons" */;
			buildPhases = (
				84290C251A0A11180012664A /* Sources */,
				84290C261A0A11180012664A /* Frameworks */,
				84290C271A0A11180012664A /* Resources */,
			);
			buildRules = (
			);
			dependencies = (
			);
			name = 99RedBalloons;
			productName = 99RedBalloons;
			productReference = 84290C291A0A11180012664A /* 99RedBalloons.app */;
			productType = "com.apple.product-type.application";
		};
		84290C3D1A0A11180012664A /* 99RedBalloonsTests */ = {
			isa = PBXNativeTarget;
			buildConfigurationList = 84290C4B1A0A11180012664A /* Build configuration list for PBXNativeTarget "99RedBalloonsTests" */;
			buildPhases = (
				84290C3A1A0A11180012664A /* Sources */,
				84290C3B1A0A11180012664A /* Frameworks */,
				84290C3C1A0A11180012664A /* Resources */,
			);
			buildRules = (
			);
			dependencies = (
				84290C401A0A11180012664A /* PBXTargetDependency */,
			);
			name = 99RedBalloonsTests;
			productName = 99RedBalloonsTests;
			productReference = 84290C3E1A0A11180012664A /* 99RedBalloonsTests.xctest */;
			productType = "com.apple.product-type.bundle.unit-test";
		};
/* End PBXNativeTarget section */

/* Begin PBXProject section */
		84290C211A0A11180012664A /* Project object */ = {
			isa = PBXProject;
			attributes = {
				LastUpgradeCheck = 0600;
				ORGANIZATIONNAME = parikshit;
				TargetAttributes = {
					84290C281A0A11180012664A = {
						CreatedOnToolsVersion = 6.0.1;
					};
					84290C3D1A0A11180012664A = {
						CreatedOnToolsVersion = 6.0.1;
						TestTargetID = 84290C281A0A11180012664A;
					};
				};
			};
			buildConfigurationList = 84290C241A0A11180012664A /* Build configuration list for PBXProject "99RedBalloons" */;
			compatibilityVersion = "Xcode 3.2";
			developmentRegion = English;
			hasScannedForEncodings = 0;
			knownRegions = (
				en,
				Base,
			);
			mainGroup = 84290C201A0A11180012664A;
			productRefGroup = 84290C2A1A0A11180012664A /* Products */;
			projectDirPath = "";
			projectRoot = "";
			targets = (
				84290C281A0A11180012664A /* 99RedBalloons */,
				84290C3D1A0A11180012664A /* 99RedBalloonsTests */,
			);
		};
/* End PBXProject section */

/* Begin PBXResourcesBuildPhase section */
		84290C271A0A11180012664A /* Resources */ = {
			isa = PBXResourcesBuildPhase;
			buildActionMask = 2147483647;
			files = (
				84290C561A0A12230012664A /* RedBalloon2.jpg in Resources */,
				84290C341A0A11180012664A /* Main.storyboard in Resources */,
				84290C571A0A12230012664A /* RedBalloon3.jpg in Resources */,
				84290C391A0A11180012664A /* LaunchScreen.xib in Resources */,
				84290C581A0A12230012664A /* RedBalloon4.jpg in Resources */,
				84290C361A0A11180012664A /* Images.xcassets in Resources */,
				84290C551A0A12230012664A /* RedBalloon1.jpg in Resources */,
				84290C541A0A12230012664A /* BerlinTVTower.jpg in Resources */,
			);
			runOnlyForDeploymentPostprocessing = 0;
		};
		84290C3C1A0A11180012664A /* Resources */ = {
			isa = PBXResourcesBuildPhase;
			buildActionMask = 2147483647;
			files = (
			);
			runOnlyForDeploymentPostprocessing = 0;
		};
/* End PBXResourcesBuildPhase section */

/* Begin PBXSourcesBuildPhase section */
		84290C251A0A11180012664A /* Sources */ = {
			isa = PBXSourcesBuildPhase;
			buildActionMask = 2147483647;
			files = (
				84290C311A0A11180012664A /* ViewController.swift in Sources */,
				84290C5C1A0A24990012664A /* Balloon.swift in Sources */,
				84290C2F1A0A11180012664A /* AppDelegate.swift in Sources */,
			);
			runOnlyForDeploymentPostprocessing = 0;
		};
		84290C3A1A0A11180012664A /* Sources */ = {
			isa = PBXSourcesBuildPhase;
			buildActionMask = 2147483647;
			files = (
				84290C451A0A11180012664A /* _9RedBalloonsTests.swift in Sources */,
			);
			runOnlyForDeploymentPostprocessing = 0;
		};
/* End PBXSourcesBuildPhase section */

/* Begin PBXTargetDependency section */
		84290C401A0A11180012664A /* PBXTargetDependency */ = {
			isa = PBXTargetDependency;
			target = 84290C281A0A11180012664A /* 99RedBalloons */;
			targetProxy = 84290C3F1A0A11180012664A /* PBXContainerItemProxy */;
		};
/* End PBXTargetDependency section */

/* Begin PBXVariantGroup section */
		84290C321A0A11180012664A /* Main.storyboard */ = {
			isa = PBXVariantGroup;
			children = (
				84290C331A0A11180012664A /* Base */,
			);
			name = Main.storyboard;
			sourceTree = "<group>";
		};
		84290C371A0A11180012664A /* LaunchScreen.xib */ = {
			isa = PBXVariantGroup;
			children = (
				84290C381A0A11180012664A /* Base */,
			);
			name = LaunchScreen.xib;
			sourceTree = "<group>";
		};
/* End PBXVariantGroup section */

/* Begin XCBuildConfiguration section */
		84290C461A0A11180012664A /* Debug */ = {
			isa = XCBuildConfiguration;
			buildSettings = {
				ALWAYS_SEARCH_USER_PATHS = NO;
				CLANG_CXX_LANGUAGE_STANDARD = "gnu++0x";
				CLANG_CXX_LIBRARY = "libc++";
				CLANG_ENABLE_MODULES = YES;
				CLANG_ENABLE_OBJC_ARC = YES;
				CLANG_WARN_BOOL_CONVERSION = YES;
				CLANG_WARN_CONSTANT_CONVERSION = YES;
				CLANG_WARN_DIRECT_OBJC_ISA_USAGE = YES_ERROR;
				CLANG_WARN_EMPTY_BODY = YES;
				CLANG_WARN_ENUM_CONVERSION = YES;
				CLANG_WARN_INT_CONVERSION = YES;
				CLANG_WARN_OBJC_ROOT_CLASS = YES_ERROR;
				CLANG_WARN_UNREACHABLE_CODE = YES;
				CLANG_WARN__DUPLICATE_METHOD_MATCH = YES;
				"CODE_SIGN_IDENTITY[sdk=iphoneos*]" = "iPhone Developer";
				COPY_PHASE_STRIP = NO;
				ENABLE_STRICT_OBJC_MSGSEND = YES;
				GCC_C_LANGUAGE_STANDARD = gnu99;
				GCC_DYNAMIC_NO_PIC = NO;
				GCC_OPTIMIZATION_LEVEL = 0;
				GCC_PREPROCESSOR_DEFINITIONS = (
					"DEBUG=1",
					"$(inherited)",
				);
				GCC_SYMBOLS_PRIVATE_EXTERN = NO;
				GCC_WARN_64_TO_32_BIT_CONVERSION = YES;
				GCC_WARN_ABOUT_RETURN_TYPE = YES_ERROR;
				GCC_WARN_UNDECLARED_SELECTOR = YES;
				GCC_WARN_UNINITIALIZED_AUTOS = YES_AGGRESSIVE;
				GCC_WARN_UNUSED_FUNCTION = YES;
				GCC_WARN_UNUSED_VARIABLE = YES;
				IPHONEOS_DEPLOYMENT_TARGET = 8.0;
				MTL_ENABLE_DEBUG_INFO = YES;
				ONLY_ACTIVE_ARCH = YES;
				SDKROOT = iphoneos;
				SWIFT_OPTIMIZATION_LEVEL = "-Onone";
				TARGETED_DEVICE_FAMILY = "1,2";
			};
			name = Debug;
		};
		84290C471A0A11180012664A /* Release */ = {
			isa = XCBuildConfiguration;
			buildSettings = {
				ALWAYS_SEARCH_USER_PATHS = NO;
				CLANG_CXX_LANGUAGE_STANDARD = "gnu++0x";
				CLANG_CXX_LIBRARY = "libc++";
				CLANG_ENABLE_MODULES = YES;
				CLANG_ENABLE_OBJC_ARC = YES;
				CLANG_WARN_BOOL_CONVERSION = YES;
				CLANG_WARN_CONSTANT_CONVERSION = YES;
				CLANG_WARN_DIRECT_OBJC_ISA_USAGE = YES_ERROR;
				CLANG_WARN_EMPTY_BODY = YES;
				CLANG_WARN_ENUM_CONVERSION = YES;
				CLANG_WARN_INT_CONVERSION = YES;
				CLANG_WARN_OBJC_ROOT_CLASS = YES_ERROR;
				CLANG_WARN_UNREACHABLE_CODE = YES;
				CLANG_WARN__DUPLICATE_METHOD_MATCH = YES;
				"CODE_SIGN_IDENTITY[sdk=iphoneos*]" = "iPhone Developer";
				COPY_PHASE_STRIP = YES;
				ENABLE_NS_ASSERTIONS = NO;
				ENABLE_STRICT_OBJC_MSGSEND = YES;
				GCC_C_LANGUAGE_STANDARD = gnu99;
				GCC_WARN_64_TO_32_BIT_CONVERSION = YES;
				GCC_WARN_ABOUT_RETURN_TYPE = YES_ERROR;
				GCC_WARN_UNDECLARED_SELECTOR = YES;
				GCC_WARN_UNINITIALIZED_AUTOS = YES_AGGRESSIVE;
				GCC_WARN_UNUSED_FUNCTION = YES;
				GCC_WARN_UNUSED_VARIABLE = YES;
				IPHONEOS_DEPLOYMENT_TARGET = 8.0;
				MTL_ENABLE_DEBUG_INFO = NO;
				SDKROOT = iphoneos;
				TARGETED_DEVICE_FAMILY = "1,2";
				VALIDATE_PRODUCT = YES;
			};
			name = Release;
		};
		84290C491A0A11180012664A /* Debug */ = {
			isa = XCBuildConfiguration;
			buildSettings = {
				ASSETCATALOG_COMPILER_APPICON_NAME = AppIcon;
				INFOPLIST_FILE = 99RedBalloons/Info.plist;
				LD_RUNPATH_SEARCH_PATHS = "$(inherited) @executable_path/Frameworks";
				PRODUCT_NAME = "$(TARGET_NAME)";
			};
			name = Debug;
		};
		84290C4A1A0A11180012664A /* Release */ = {
			isa = XCBuildConfiguration;
			buildSettings = {
				ASSETCATALOG_COMPILER_APPICON_NAME = AppIcon;
				INFOPLIST_FILE = 99RedBalloons/Info.plist;
				LD_RUNPATH_SEARCH_PATHS = "$(inherited) @executable_path/Frameworks";
				PRODUCT_NAME = "$(TARGET_NAME)";
			};
			name = Release;
		};
		84290C4C1A0A11180012664A /* Debug */ = {
			isa = XCBuildConfiguration;
			buildSettings = {
				BUNDLE_LOADER = "$(TEST_HOST)";
				FRAMEWORK_SEARCH_PATHS = (
					"$(SDKROOT)/Developer/Library/Frameworks",
					"$(inherited)",
				);
				GCC_PREPROCESSOR_DEFINITIONS = (
					"DEBUG=1",
					"$(inherited)",
				);
				INFOPLIST_FILE = 99RedBalloonsTests/Info.plist;
				LD_RUNPATH_SEARCH_PATHS = "$(inherited) @executable_path/Frameworks @loader_path/Frameworks";
				PRODUCT_NAME = "$(TARGET_NAME)";
				TEST_HOST = "$(BUILT_PRODUCTS_DIR)/99RedBalloons.app/99RedBalloons";
			};
			name = Debug;
		};
		84290C4D1A0A11180012664A /* Release */ = {
			isa = XCBuildConfiguration;
			buildSettings = {
				BUNDLE_LOADER = "$(TEST_HOST)";
				FRAMEWORK_SEARCH_PATHS = (
					"$(SDKROOT)/Developer/Library/Frameworks",
					"$(inherited)",
				);
				INFOPLIST_FILE = 99RedBalloonsTests/Info.plist;
				LD_RUNPATH_SEARCH_PATHS = "$(inherited) @executable_path/Frameworks @loader_path/Frameworks";
				PRODUCT_NAME = "$(TARGET_NAME)";
				TEST_HOST = "$(BUILT_PRODUCTS_DIR)/99RedBalloons.app/99RedBalloons";
			};
			name = Release;
		};
/* End XCBuildConfiguration section */

/* Begin XCConfigurationList section */
		84290C241A0A11180012664A /* Build configuration list for PBXProject "99RedBalloons" */ = {
			isa = XCConfigurationList;
			buildConfigurations = (
				84290C461A0A11180012664A /* Debug */,
				84290C471A0A11180012664A /* Release */,
			);
			defaultConfigurationIsVisible = 0;
			defaultConfigurationName = Release;
		};
		84290C481A0A11180012664A /* Build configuration list for PBXNativeTarget "99RedBalloons" */ = {
			isa = XCConfigurationList;
			buildConfigurations = (
				84290C491A0A11180012664A /* Debug */,
				84290C4A1A0A11180012664A /* Release */,
			);
			defaultConfigurationIsVisible = 0;
		};
		84290C4B1A0A11180012664A /* Build configuration list for PBXNativeTarget "99RedBalloonsTests" */ = {
			isa = XCConfigurationList;
			buildConfigurations = (
				84290C4C1A0A11180012664A /* Debug */,
				84290C4D1A0A11180012664A /* Release */,
			);
			defaultConfigurationIsVisible = 0;
		};
/* End XCConfigurationList section */
	};
	rootObject = 84290C211A0A11180012664A /* Project object */;
}
